{
  "name": "skku-stat-assignment-km",
  "version": "0.0.1",
  "lockfileVersion": 2,
  "requires": true,
  "packages": {
    "": {
      "name": "skku-stat-assignment-km",
      "version": "0.0.1",
      "license": "MIT",
      "bin": {
        "skku-stat-assignment-km": "main.js"
      }
    }
  }
}
